<?xml version="1.0" encoding="utf-8"?>
<Project ToolsVersion="4.0" xmlns="http://schemas.microsoft.com/developer/msbuild/2003">
  <ItemGroup>
    <Filter Include="ソース ファイル">
      <UniqueIdentifier>{4FC737F1-C7A5-4376-A066-2A32D752A2FF}</UniqueIdentifier>
      <Extensions>cpp;c;cc;cxx;c++;cppm;ixx;def;odl;idl;hpj;bat;asm;asmx</Extensions>
    </Filter>
    <Filter Include="シェーダー ファイル">
      <UniqueIdentifier>{67DA6AB6-F800-4c08-8B7A-83BB121AAD01}</UniqueIdentifier>
      <Extensions>rc;ico;cur;bmp;dlg;rc2;rct;bin;rgs;gif;jpg;jpeg;jpe;resx;tiff;tif;png;wav;mfcribbon-ms</Extensions>
    </Filter>
    <Filter Include="ソース ファイル\Application">
      <UniqueIdentifier>{050743c3-7f71-47af-8875-4dbca6131b21}</UniqueIdentifier>
    </Filter>
    <Filter Include="ソース ファイル\Engine">
      <UniqueIdentifier>{8255d305-4f8b-42e1-b966-b6ac1b10149e}</UniqueIdentifier>
    </Filter>
    <Filter Include="ソース ファイル\Engine\3d">
      <UniqueIdentifier>{85553e27-2124-4c55-a457-e77338f24bda}</UniqueIdentifier>
    </Filter>
    <Filter Include="ソース ファイル\Engine\2d">
      <UniqueIdentifier>{408bae9d-c56d-4842-9e14-613b9a653ee2}</UniqueIdentifier>
    </Filter>
    <Filter Include="ソース ファイル\Engine\Audio">
      <UniqueIdentifier>{1a47c7de-a104-490c-a030-9fc0100adf4f}</UniqueIdentifier>
    </Filter>
    <Filter Include="ソース ファイル\Engine\Functions">
      <UniqueIdentifier>{823e7a3e-f66c-4d55-a1f7-a5ed16915fdf}</UniqueIdentifier>
    </Filter>
    <Filter Include="ソース ファイル\Engine\Light">
      <UniqueIdentifier>{769be226-a120-4709-9112-6eee57a00d43}</UniqueIdentifier>
    </Filter>
    <Filter Include="ソース ファイル\Engine\DirectX">
      <UniqueIdentifier>{cf8cb793-59ca-4973-8ab7-e99dd8a23d51}</UniqueIdentifier>
    </Filter>
    <Filter Include="ソース ファイル\Engine\Math">
      <UniqueIdentifier>{308435b1-b381-4cc6-bb48-3cdd1b1909cb}</UniqueIdentifier>
    </Filter>
    <Filter Include="ソース ファイル\Engine\Framework">
      <UniqueIdentifier>{250a1ae4-1c06-4aba-a1fe-80477a2d99bc}</UniqueIdentifier>
    </Filter>
    <Filter Include="ソース ファイル\Engine\WinApp">
      <UniqueIdentifier>{0c9f24d1-03f7-49fb-9d06-96f22e8267d4}</UniqueIdentifier>
    </Filter>
    <Filter Include="ソース ファイル\Engine\Particle">
      <UniqueIdentifier>{2f4fff32-274e-47b2-9ede-d53ba3cb8715}</UniqueIdentifier>
    </Filter>
    <Filter Include="ソース ファイル\Engine\Physics">
      <UniqueIdentifier>{d215647e-0978-48e7-bad7-807fde5d4b91}</UniqueIdentifier>
    </Filter>
    <Filter Include="ソース ファイル\Engine\Scene">
      <UniqueIdentifier>{bd82bd81-9ebc-4658-9593-72ad30f61482}</UniqueIdentifier>
    </Filter>
    <Filter Include="ソース ファイル\Engine\Input">
      <UniqueIdentifier>{fa885c07-fe8d-4879-a7a7-e2bbf42afdc2}</UniqueIdentifier>
    </Filter>
    <Filter Include="ソース ファイル\Application\GameScenes">
      <UniqueIdentifier>{4457f309-a144-4242-a6fc-6d7400a73bb8}</UniqueIdentifier>
    </Filter>
    <Filter Include="ソース ファイル\Engine\Skydome">
      <UniqueIdentifier>{add36e36-d459-432f-a0ce-f0579e636034}</UniqueIdentifier>
    </Filter>
    <Filter Include="ソース ファイル\Application\Stage">
      <UniqueIdentifier>{d3ae3f17-ade2-4f98-a36e-711d692ac002}</UniqueIdentifier>
    </Filter>
    <Filter Include="ソース ファイル\Application\MyGame">
      <UniqueIdentifier>{97ece736-856a-4fb9-9221-f006f6773451}</UniqueIdentifier>
    </Filter>
    <Filter Include="ソース ファイル\Application\Camera">
      <UniqueIdentifier>{ec228594-be27-463e-963e-7222aef39e99}</UniqueIdentifier>
    </Filter>
    <Filter Include="ソース ファイル\Engine\3d\Object">
      <UniqueIdentifier>{c425de59-8479-456f-9548-a18c39f17171}</UniqueIdentifier>
    </Filter>
    <Filter Include="ソース ファイル\Engine\3d\Camera">
      <UniqueIdentifier>{53dc29c8-ede2-4c61-8e65-628d2d6031e8}</UniqueIdentifier>
    </Filter>
    <Filter Include="ソース ファイル\Engine\Json">
      <UniqueIdentifier>{0eb5dc25-4fb5-433e-ad61-6d78878c3a19}</UniqueIdentifier>
    </Filter>
    <Filter Include="ソース ファイル\Application\Stage\GameObjects">
      <UniqueIdentifier>{3a720f82-37bb-4e25-8ba3-40778b61d0e4}</UniqueIdentifier>
    </Filter>
    <Filter Include="ソース ファイル\Engine\Timer">
      <UniqueIdentifier>{8cd3b574-38f1-4ca3-a850-33bc03214952}</UniqueIdentifier>
    </Filter>
    <Filter Include="ソース ファイル\Application\GameScenes\ResultScene">
      <UniqueIdentifier>{dc06b15a-80ab-44f4-b99b-fa55e541aea4}</UniqueIdentifier>
    </Filter>
    <Filter Include="シェーダー ファイル\Object">
      <UniqueIdentifier>{d2d4ee60-179d-48b7-a930-83415ab52e69}</UniqueIdentifier>
    </Filter>
    <Filter Include="シェーダー ファイル\Particle">
      <UniqueIdentifier>{d357c7e1-51a3-4a2b-8e5b-79a4065fedc3}</UniqueIdentifier>
    </Filter>
    <Filter Include="シェーダー ファイル\PostEffect">
      <UniqueIdentifier>{aace76a6-7633-45eb-827c-23d28f0560d6}</UniqueIdentifier>
    </Filter>
    <Filter Include="シェーダー ファイル\Sprite">
      <UniqueIdentifier>{334c1d61-d821-4703-b572-92fc31f59c7f}</UniqueIdentifier>
    </Filter>
    <Filter Include="ソース ファイル\Application\UIDrawer">
      <UniqueIdentifier>{8cc62927-b3fb-4854-9791-0b44f0593b20}</UniqueIdentifier>
    </Filter>
    <Filter Include="ソース ファイル\Application\GameScenes\PlayMode">
      <UniqueIdentifier>{e7ccf470-68e2-43ee-87dd-da0ed0b1fe02}</UniqueIdentifier>
    </Filter>
    <Filter Include="ソース ファイル\Application\GameScenes\PlayMode\GamePlayScene">
      <UniqueIdentifier>{bf2f0cdd-1c82-453c-963f-1c8c8982565e}</UniqueIdentifier>
    </Filter>
    <Filter Include="ソース ファイル\Application\GameScenes\SceneFactory">
      <UniqueIdentifier>{f7d6e941-193b-4711-b2a8-abfca6267257}</UniqueIdentifier>
    </Filter>
    <Filter Include="ソース ファイル\Application\GameScenes\TitleScene">
      <UniqueIdentifier>{353f00a1-ca26-416d-99cd-6b72d3b23d00}</UniqueIdentifier>
    </Filter>
    <Filter Include="ソース ファイル\Application\GameScenes\PlayMode\TutorialScene">
      <UniqueIdentifier>{8eeb2fbe-123e-4a97-a46e-255e5ddbd1cb}</UniqueIdentifier>
    </Filter>
    <Filter Include="ソース ファイル\Application\Stage\SpawnObject">
      <UniqueIdentifier>{598d76cd-2b94-44b4-8ef7-1a85278aa3e2}</UniqueIdentifier>
    </Filter>
    <Filter Include="ソース ファイル\Application\LevelLoader">
      <UniqueIdentifier>{7d6061fd-907a-46ca-a21f-3dcedc49720d}</UniqueIdentifier>
    </Filter>
  </ItemGroup>
  <ItemGroup>
    <None Include="Resources\shaders\Sprite.hlsli">
      <Filter>シェーダー ファイル\Sprite</Filter>
    </None>
    <None Include="Resources\shaders\Obj.hlsli">
      <Filter>シェーダー ファイル\Object</Filter>
    </None>
    <None Include="Resources\shaders\PostEffect.hlsli">
      <Filter>シェーダー ファイル\PostEffect</Filter>
    </None>
    <None Include="Resources\shaders\Particle.hlsli">
      <Filter>シェーダー ファイル\Particle</Filter>
    </None>
    <None Include="Resources\shaders\PostEffectFunctions.hlsli">
      <Filter>シェーダー ファイル\PostEffect</Filter>
    </None>
    <None Include="Resources\shaders\Light.hlsli">
      <Filter>シェーダー ファイル</Filter>
    </None>
    <None Include="Resources\shaders\Functions.hlsli">
      <Filter>シェーダー ファイル</Filter>
    </None>
    <None Include="Resources\levels\constant.json">
      <Filter>ソース ファイル\Engine\Json</Filter>
    </None>
  </ItemGroup>
  <ItemGroup>
    <FxCompile Include="Resources\shaders\SpritePS.hlsl">
      <Filter>シェーダー ファイル\Sprite</Filter>
    </FxCompile>
    <FxCompile Include="Resources\shaders\SpriteVS.hlsl">
      <Filter>シェーダー ファイル\Sprite</Filter>
    </FxCompile>
    <FxCompile Include="Resources\shaders\ObjPS.hlsl">
      <Filter>シェーダー ファイル\Object</Filter>
    </FxCompile>
    <FxCompile Include="Resources\shaders\ObjVS.hlsl">
      <Filter>シェーダー ファイル\Object</Filter>
    </FxCompile>
    <FxCompile Include="Resources\shaders\PostEffectPS.hlsl">
      <Filter>シェーダー ファイル\PostEffect</Filter>
    </FxCompile>
    <FxCompile Include="Resources\shaders\PostEffectVS.hlsl">
      <Filter>シェーダー ファイル\PostEffect</Filter>
    </FxCompile>
    <FxCompile Include="Resources\shaders\ParticleGS.hlsl">
      <Filter>シェーダー ファイル\Particle</Filter>
    </FxCompile>
    <FxCompile Include="Resources\shaders\ParticlePS.hlsl">
      <Filter>シェーダー ファイル\Particle</Filter>
    </FxCompile>
    <FxCompile Include="Resources\shaders\ParticleVS.hlsl">
      <Filter>シェーダー ファイル\Particle</Filter>
    </FxCompile>
    <FxCompile Include="Resources\Shaders\MultiTexturePS.hlsl">
      <Filter>シェーダー ファイル\PostEffect</Filter>
    </FxCompile>
  </ItemGroup>
  <ItemGroup>
    <ClCompile Include="SourceFiles\Engine\Math\Matrix4.cpp">
      <Filter>ソース ファイル\Engine\Math</Filter>
    </ClCompile>
    <ClCompile Include="SourceFiles\Engine\Math\Vector.cpp">
      <Filter>ソース ファイル\Engine\Math</Filter>
    </ClCompile>
    <ClCompile Include="SourceFiles\Engine\2d\ImGuiManager.cpp">
      <Filter>ソース ファイル\Engine\2d</Filter>
    </ClCompile>
    <ClCompile Include="SourceFiles\Engine\Input\Input.cpp">
      <Filter>ソース ファイル\Engine\Input</Filter>
    </ClCompile>
    <ClCompile Include="SourceFiles\Engine\Light\LightGroup.cpp">
      <Filter>ソース ファイル\Engine\Light</Filter>
    </ClCompile>
    <ClCompile Include="SourceFiles\Engine\Functions\Color.cpp">
      <Filter>ソース ファイル\Engine\Functions</Filter>
    </ClCompile>
    <ClCompile Include="SourceFiles\Engine\Math\Quaternion.cpp">
      <Filter>ソース ファイル\Engine\Math</Filter>
    </ClCompile>
    <ClCompile Include="SourceFiles\Engine\Audio\Audio.cpp">
      <Filter>ソース ファイル\Engine\Audio</Filter>
    </ClCompile>
    <ClCompile Include="SourceFiles\Engine\3d\Object\Mesh.cpp">
      <Filter>ソース ファイル\Engine\3d\Object</Filter>
    </ClCompile>
    <ClCompile Include="SourceFiles\Engine\3d\Object\ModelManager.cpp">
      <Filter>ソース ファイル\Engine\3d\Object</Filter>
    </ClCompile>
    <ClCompile Include="SourceFiles\Engine\3d\Object\Transform.cpp">
      <Filter>ソース ファイル\Engine\3d\Object</Filter>
    </ClCompile>
    <ClCompile Include="SourceFiles\Engine\3d\Camera\DebugCamera.cpp">
      <Filter>ソース ファイル\Engine\3d\Camera</Filter>
    </ClCompile>
    <ClCompile Include="SourceFiles\Engine\3d\Camera\Camera.cpp">
      <Filter>ソース ファイル\Engine\3d\Camera</Filter>
    </ClCompile>
    <ClCompile Include="SourceFiles\Engine\2d\PostEffect.cpp">
      <Filter>ソース ファイル\Engine\2d</Filter>
    </ClCompile>
    <ClCompile Include="SourceFiles\Engine\main.cpp">
      <Filter>ソース ファイル\Engine</Filter>
    </ClCompile>
    <ClCompile Include="SourceFiles\Engine\Audio\PointAudio.cpp">
      <Filter>ソース ファイル\Engine\Audio</Filter>
    </ClCompile>
    <ClCompile Include="SourceFiles\Engine\3d\Camera\BaseCamera.cpp">
      <Filter>ソース ファイル\Engine\3d\Camera</Filter>
    </ClCompile>
    <ClCompile Include="SourceFiles\Engine\Particle\DiffuseParticle.cpp">
      <Filter>ソース ファイル\Engine\Particle</Filter>
    </ClCompile>
    <ClCompile Include="SourceFiles\Engine\Particle\DirectionalParticle.cpp">
      <Filter>ソース ファイル\Engine\Particle</Filter>
    </ClCompile>
    <ClCompile Include="SourceFiles\Engine\Particle\ParticleManager.cpp">
      <Filter>ソース ファイル\Engine\Particle</Filter>
    </ClCompile>
    <ClCompile Include="SourceFiles\Engine\Math\MathUtility.cpp">
      <Filter>ソース ファイル\Engine\Math</Filter>
    </ClCompile>
    <ClCompile Include="SourceFiles\Engine\Physics\Physics.cpp">
      <Filter>ソース ファイル\Engine\Physics</Filter>
    </ClCompile>
    <ClCompile Include="SourceFiles\Engine\3d\Object\Material.cpp">
      <Filter>ソース ファイル\Engine\3d\Object</Filter>
    </ClCompile>
    <ClCompile Include="SourceFiles\Engine\Functions\Random.cpp">
      <Filter>ソース ファイル\Engine\Functions</Filter>
    </ClCompile>
    <ClCompile Include="SourceFiles\Engine\Particle\ParticleGroup.cpp">
      <Filter>ソース ファイル\Engine\Particle</Filter>
    </ClCompile>
    <ClCompile Include="SourceFiles\Engine\Particle\TrackParticle.cpp">
      <Filter>ソース ファイル\Engine\Particle</Filter>
    </ClCompile>
    <ClCompile Include="SourceFiles\Engine\DirectX\DirectXCommon.cpp">
      <Filter>ソース ファイル\Engine\DirectX</Filter>
    </ClCompile>
    <ClCompile Include="SourceFiles\Engine\DirectX\D3D12Common.cpp">
      <Filter>ソース ファイル\Engine\DirectX</Filter>
    </ClCompile>
    <ClCompile Include="SourceFiles\Engine\Scene\SceneManager.cpp">
      <Filter>ソース ファイル\Engine\Scene</Filter>
    </ClCompile>
    <ClCompile Include="SourceFiles\Engine\Functions\FadeManager.cpp">
      <Filter>ソース ファイル\Engine\Scene</Filter>
    </ClCompile>
    <ClCompile Include="SourceFiles\Engine\Framework\Framework.cpp">
      <Filter>ソース ファイル\Engine\Framework</Filter>
    </ClCompile>
    <ClCompile Include="SourceFiles\Engine\WinApp\WindowsAPI.cpp">
      <Filter>ソース ファイル\Engine\WinApp</Filter>
    </ClCompile>
    <ClCompile Include="SourceFiles\Application\MyGame\MyGame.cpp">
      <Filter>ソース ファイル\Application\MyGame</Filter>
    </ClCompile>
    <ClCompile Include="SourceFiles\Application\Stage\Stage.cpp">
      <Filter>ソース ファイル\Application\Stage</Filter>
    </ClCompile>
    <ClCompile Include="SourceFiles\Application\Camera\PlayerCamera.cpp">
      <Filter>ソース ファイル\Application\Camera</Filter>
    </ClCompile>
    <ClCompile Include="SourceFiles\Engine\Json\JsonLoader.cpp">
      <Filter>ソース ファイル\Engine\Json</Filter>
    </ClCompile>
    <ClCompile Include="SourceFiles\Engine\3d\Object\Object3d.cpp">
      <Filter>ソース ファイル\Engine\3d\Object</Filter>
    </ClCompile>
    <ClCompile Include="SourceFiles\Engine\Physics\Collider.cpp">
      <Filter>ソース ファイル\Engine\Physics</Filter>
    </ClCompile>
    <ClCompile Include="SourceFiles\Engine\Physics\CollisionManager.cpp">
      <Filter>ソース ファイル\Engine\Physics</Filter>
    </ClCompile>
    <ClCompile Include="SourceFiles\Engine\2d\Sprite.cpp">
      <Filter>ソース ファイル\Engine\2d</Filter>
    </ClCompile>
    <ClCompile Include="SourceFiles\Engine\2d\SpriteAnimation.cpp">
      <Filter>ソース ファイル\Engine\2d</Filter>
    </ClCompile>
    <ClCompile Include="SourceFiles\Engine\Audio\AudioManager.cpp">
      <Filter>ソース ファイル\Engine\Audio</Filter>
    </ClCompile>
    <ClCompile Include="SourceFiles\Engine\2d\BitMapNumber.cpp">
      <Filter>ソース ファイル\Engine\2d</Filter>
    </ClCompile>
    <ClCompile Include="SourceFiles\Application\Stage\Block.cpp">
      <Filter>ソース ファイル\Application\Stage\GameObjects</Filter>
    </ClCompile>
    <ClCompile Include="SourceFiles\Application\Stage\Object.cpp">
      <Filter>ソース ファイル\Application\Stage\GameObjects</Filter>
    </ClCompile>
    <ClCompile Include="SourceFiles\Application\Stage\Player.cpp">
      <Filter>ソース ファイル\Application\Stage\GameObjects</Filter>
    </ClCompile>
    <ClCompile Include="SourceFiles\Engine\Skydome\Skydome.cpp">
      <Filter>ソース ファイル\Engine\Skydome</Filter>
    </ClCompile>
    <ClCompile Include="SourceFiles\Engine\Timer\Timer.cpp">
      <Filter>ソース ファイル\Engine\Timer</Filter>
    </ClCompile>
    <ClCompile Include="SourceFiles\Engine\Timer\FPS.cpp">
      <Filter>ソース ファイル\Engine\Timer</Filter>
    </ClCompile>
    <ClCompile Include="SourceFiles\Engine\Math\Easing.cpp">
      <Filter>ソース ファイル\Engine\Math</Filter>
    </ClCompile>
    <ClCompile Include="SourceFiles\Application\OperateDrawer\OperateDrawer.cpp">
      <Filter>ソース ファイル\Application\UIDrawer</Filter>
    </ClCompile>
    <ClCompile Include="SourceFiles\Engine\3d\Camera\CameraShake.cpp">
      <Filter>ソース ファイル\Engine\3d\Camera</Filter>
    </ClCompile>
    <ClCompile Include="SourceFiles\Application\GameScenes\ResultScene\RankAnimation.cpp">
      <Filter>ソース ファイル\Application\GameScenes\ResultScene</Filter>
    </ClCompile>
    <ClCompile Include="SourceFiles\Application\GameScenes\ResultScene\ResultScene.cpp">
      <Filter>ソース ファイル\Application\GameScenes\ResultScene</Filter>
    </ClCompile>
    <ClCompile Include="SourceFiles\Application\GameScenes\ResultScene\ScoreGauge.cpp">
      <Filter>ソース ファイル\Application\GameScenes\ResultScene</Filter>
    </ClCompile>
    <ClCompile Include="SourceFiles\Application\GameScenes\GamePlayScene.cpp">
      <Filter>ソース ファイル\Application\GameScenes\PlayMode\GamePlayScene</Filter>
    </ClCompile>
    <ClCompile Include="SourceFiles\Application\GameScenes\PauseMenu.cpp">
      <Filter>ソース ファイル\Application\GameScenes\PlayMode\GamePlayScene</Filter>
    </ClCompile>
    <ClCompile Include="SourceFiles\Application\GameScenes\PlayMode.cpp">
      <Filter>ソース ファイル\Application\GameScenes\PlayMode</Filter>
    </ClCompile>
    <ClCompile Include="SourceFiles\Application\GameScenes\SceneFactory.cpp">
      <Filter>ソース ファイル\Application\GameScenes\SceneFactory</Filter>
    </ClCompile>
    <ClCompile Include="SourceFiles\Application\GameScenes\TitleScene.cpp">
      <Filter>ソース ファイル\Application\GameScenes\TitleScene</Filter>
    </ClCompile>
    <ClCompile Include="SourceFiles\Application\GameScenes\TutorialScene\TutorialEvent.cpp">
      <Filter>ソース ファイル\Application\GameScenes\PlayMode\TutorialScene</Filter>
    </ClCompile>
    <ClCompile Include="SourceFiles\Application\GameScenes\TutorialScene\TutorialScene.cpp">
      <Filter>ソース ファイル\Application\GameScenes\PlayMode\TutorialScene</Filter>
    </ClCompile>
    <ClCompile Include="SourceFiles\Application\Stage\SpawnObject.cpp">
      <Filter>ソース ファイル\Application\Stage\SpawnObject</Filter>
    </ClCompile>
    <ClCompile Include="SourceFiles\Engine\2d\MultiTexture.cpp">
      <Filter>ソース ファイル\Engine\2d</Filter>
    </ClCompile>
    <ClCompile Include="SourceFiles\Engine\Json\Constant.cpp">
      <Filter>ソース ファイル\Engine\Json</Filter>
    </ClCompile>
    <ClCompile Include="SourceFiles\Engine\Json\LevelLoader.cpp">
      <Filter>ソース ファイル\Application\LevelLoader</Filter>
    </ClCompile>
    <ClCompile Include="SourceFiles\Application\Stage\Goal.cpp">
      <Filter>ソース ファイル\Application\Stage\GameObjects</Filter>
    </ClCompile>
  </ItemGroup>
  <ItemGroup>
    <ClInclude Include="SourceFiles\Engine\Math\Matrix4.h">
      <Filter>ソース ファイル\Engine\Math</Filter>
    </ClInclude>
    <ClInclude Include="SourceFiles\Engine\Math\Vector.h">
      <Filter>ソース ファイル\Engine\Math</Filter>
    </ClInclude>
    <ClInclude Include="SourceFiles\Engine\2d\ImGuiManager.h">
      <Filter>ソース ファイル\Engine\2d</Filter>
    </ClInclude>
    <ClInclude Include="SourceFiles\Engine\Input\Input.h">
      <Filter>ソース ファイル\Engine\Input</Filter>
    </ClInclude>
    <ClInclude Include="SourceFiles\Engine\Light\LightGroup.h">
      <Filter>ソース ファイル\Engine\Light</Filter>
    </ClInclude>
    <ClInclude Include="SourceFiles\Engine\Functions\Color.h">
      <Filter>ソース ファイル\Engine\Functions</Filter>
    </ClInclude>
    <ClInclude Include="SourceFiles\Engine\Math\Quaternion.h">
      <Filter>ソース ファイル\Engine\Math</Filter>
    </ClInclude>
    <ClInclude Include="SourceFiles\Engine\Light\CircleShadow.h">
      <Filter>ソース ファイル\Engine\Light</Filter>
    </ClInclude>
    <ClInclude Include="SourceFiles\Engine\Audio\Audio.h">
      <Filter>ソース ファイル\Engine\Audio</Filter>
    </ClInclude>
    <ClInclude Include="SourceFiles\Engine\3d\Object\Mesh.h">
      <Filter>ソース ファイル\Engine\3d\Object</Filter>
    </ClInclude>
    <ClInclude Include="SourceFiles\Engine\3d\Object\ModelManager.h">
      <Filter>ソース ファイル\Engine\3d\Object</Filter>
    </ClInclude>
    <ClInclude Include="SourceFiles\Engine\3d\Object\Transform.h">
      <Filter>ソース ファイル\Engine\3d\Object</Filter>
    </ClInclude>
    <ClInclude Include="SourceFiles\Engine\3d\Camera\DebugCamera.h">
      <Filter>ソース ファイル\Engine\3d\Camera</Filter>
    </ClInclude>
    <ClInclude Include="SourceFiles\Engine\3d\Camera\Camera.h">
      <Filter>ソース ファイル\Engine\3d\Camera</Filter>
    </ClInclude>
    <ClInclude Include="SourceFiles\Engine\2d\PostEffect.h">
      <Filter>ソース ファイル\Engine\2d</Filter>
    </ClInclude>
    <ClInclude Include="SourceFiles\Engine\Audio\PointAudio.h">
      <Filter>ソース ファイル\Engine\Audio</Filter>
    </ClInclude>
    <ClInclude Include="SourceFiles\Engine\3d\Camera\BaseCamera.h">
      <Filter>ソース ファイル\Engine\3d\Camera</Filter>
    </ClInclude>
    <ClInclude Include="SourceFiles\Engine\Particle\DiffuseParticle.h">
      <Filter>ソース ファイル\Engine\Particle</Filter>
    </ClInclude>
    <ClInclude Include="SourceFiles\Engine\Particle\DirectionalParticle.h">
      <Filter>ソース ファイル\Engine\Particle</Filter>
    </ClInclude>
    <ClInclude Include="SourceFiles\Engine\Particle\ParticleManager.h">
      <Filter>ソース ファイル\Engine\Particle</Filter>
    </ClInclude>
    <ClInclude Include="SourceFiles\Engine\Math\MathUtility.h">
      <Filter>ソース ファイル\Engine\Math</Filter>
    </ClInclude>
    <ClInclude Include="SourceFiles\Engine\Physics\Physics.h">
      <Filter>ソース ファイル\Engine\Physics</Filter>
    </ClInclude>
    <ClInclude Include="SourceFiles\Engine\3d\Object\Material.h">
      <Filter>ソース ファイル\Engine\3d\Object</Filter>
    </ClInclude>
    <ClInclude Include="SourceFiles\Engine\Functions\Random.h">
      <Filter>ソース ファイル\Engine\Functions</Filter>
    </ClInclude>
    <ClInclude Include="SourceFiles\Engine\Particle\ParticleGroup.h">
      <Filter>ソース ファイル\Engine\Particle</Filter>
    </ClInclude>
    <ClInclude Include="SourceFiles\Engine\Particle\TrackParticle.h">
      <Filter>ソース ファイル\Engine\Particle</Filter>
    </ClInclude>
    <ClInclude Include="SourceFiles\Engine\DirectX\DirectXCommon.h">
      <Filter>ソース ファイル\Engine\DirectX</Filter>
    </ClInclude>
    <ClInclude Include="SourceFiles\Engine\DirectX\D3D12Common.h">
      <Filter>ソース ファイル\Engine\DirectX</Filter>
    </ClInclude>
    <ClInclude Include="SourceFiles\Engine\Scene\BaseScene.h">
      <Filter>ソース ファイル\Engine\Scene</Filter>
    </ClInclude>
    <ClInclude Include="SourceFiles\Engine\Scene\SceneManager.h">
      <Filter>ソース ファイル\Engine\Scene</Filter>
    </ClInclude>
    <ClInclude Include="SourceFiles\Engine\Scene\AbstractSceneFactory.h">
      <Filter>ソース ファイル\Engine\Scene</Filter>
    </ClInclude>
    <ClInclude Include="SourceFiles\Engine\Functions\FadeManager.h">
      <Filter>ソース ファイル\Engine\Scene</Filter>
    </ClInclude>
    <ClInclude Include="SourceFiles\Engine\Framework\Framework.h">
      <Filter>ソース ファイル\Engine\Framework</Filter>
    </ClInclude>
    <ClInclude Include="SourceFiles\Engine\WinApp\WindowsAPI.h">
      <Filter>ソース ファイル\Engine\WinApp</Filter>
    </ClInclude>
    <ClInclude Include="SourceFiles\Application\GameScenes\Scene.h">
      <Filter>ソース ファイル\Application\GameScenes</Filter>
    </ClInclude>
    <ClInclude Include="SourceFiles\Application\MyGame\MyGame.h">
      <Filter>ソース ファイル\Application\MyGame</Filter>
    </ClInclude>
    <ClInclude Include="SourceFiles\Application\Stage\Stage.h">
      <Filter>ソース ファイル\Application\Stage</Filter>
    </ClInclude>
    <ClInclude Include="SourceFiles\Application\Camera\PlayerCamera.h">
      <Filter>ソース ファイル\Application\Camera</Filter>
    </ClInclude>
    <ClInclude Include="SourceFiles\Engine\Json\JsonLoader.h">
      <Filter>ソース ファイル\Engine\Json</Filter>
    </ClInclude>
    <ClInclude Include="SourceFiles\Engine\3d\Object\Object3d.h">
      <Filter>ソース ファイル\Engine\3d\Object</Filter>
    </ClInclude>
    <ClInclude Include="SourceFiles\Engine\Physics\Collider.h">
      <Filter>ソース ファイル\Engine\Physics</Filter>
    </ClInclude>
    <ClInclude Include="SourceFiles\Engine\Physics\CollisionManager.h">
      <Filter>ソース ファイル\Engine\Physics</Filter>
    </ClInclude>
    <ClInclude Include="SourceFiles\Engine\2d\Sprite.h">
      <Filter>ソース ファイル\Engine\2d</Filter>
    </ClInclude>
    <ClInclude Include="SourceFiles\Engine\2d\SpriteAnimation.h">
      <Filter>ソース ファイル\Engine\2d</Filter>
    </ClInclude>
    <ClInclude Include="SourceFiles\Engine\Audio\AudioManager.h">
      <Filter>ソース ファイル\Engine\Audio</Filter>
    </ClInclude>
    <ClInclude Include="SourceFiles\Engine\2d\BitMapNumber.h">
      <Filter>ソース ファイル\Engine\2d</Filter>
    </ClInclude>
    <ClInclude Include="SourceFiles\Application\Stage\Block.h">
      <Filter>ソース ファイル\Application\Stage\GameObjects</Filter>
    </ClInclude>
    <ClInclude Include="SourceFiles\Application\Stage\Object.h">
      <Filter>ソース ファイル\Application\Stage\GameObjects</Filter>
    </ClInclude>
    <ClInclude Include="SourceFiles\Application\Stage\Player.h">
      <Filter>ソース ファイル\Application\Stage\GameObjects</Filter>
    </ClInclude>
    <ClInclude Include="SourceFiles\Engine\Skydome\Skydome.h">
      <Filter>ソース ファイル\Engine\Skydome</Filter>
    </ClInclude>
    <ClInclude Include="SourceFiles\Engine\Timer\Timer.h">
      <Filter>ソース ファイル\Engine\Timer</Filter>
    </ClInclude>
    <ClInclude Include="SourceFiles\Engine\Timer\FPS.h">
      <Filter>ソース ファイル\Engine\Timer</Filter>
    </ClInclude>
    <ClInclude Include="SourceFiles\Engine\Light\Light.h">
      <Filter>ソース ファイル\Engine\Light</Filter>
    </ClInclude>
    <ClInclude Include="SourceFiles\Engine\2d\AbstractUIDrawer.h">
      <Filter>ソース ファイル\Engine\2d</Filter>
    </ClInclude>
    <ClInclude Include="SourceFiles\Engine\Math\Easing.h">
      <Filter>ソース ファイル\Engine\Math</Filter>
    </ClInclude>
    <ClInclude Include="SourceFiles\Engine\GameObject\GameObject.h">
      <Filter>ソース ファイル\Engine\3d\Object</Filter>
    </ClInclude>
    <ClInclude Include="SourceFiles\Application\OperateDrawer\OperateDrawer.h">
      <Filter>ソース ファイル\Application\UIDrawer</Filter>
    </ClInclude>
    <ClInclude Include="SourceFiles\Engine\3d\Camera\CameraShake.h">
      <Filter>ソース ファイル\Engine\3d\Camera</Filter>
    </ClInclude>
    <ClInclude Include="SourceFiles\Application\GameScenes\ResultScene\RankAnimation.h">
      <Filter>ソース ファイル\Application\GameScenes\ResultScene</Filter>
    </ClInclude>
    <ClInclude Include="SourceFiles\Application\GameScenes\ResultScene\ResultScene.h">
      <Filter>ソース ファイル\Application\GameScenes\ResultScene</Filter>
    </ClInclude>
    <ClInclude Include="SourceFiles\Application\GameScenes\ResultScene\ScoreGauge.h">
      <Filter>ソース ファイル\Application\GameScenes\ResultScene</Filter>
    </ClInclude>
    <ClInclude Include="SourceFiles\Application\GameScenes\GamePlayScene.h">
      <Filter>ソース ファイル\Application\GameScenes\PlayMode\GamePlayScene</Filter>
    </ClInclude>
    <ClInclude Include="SourceFiles\Application\GameScenes\PauseMenu.h">
      <Filter>ソース ファイル\Application\GameScenes\PlayMode\GamePlayScene</Filter>
    </ClInclude>
    <ClInclude Include="SourceFiles\Application\GameScenes\PlayMode.h">
      <Filter>ソース ファイル\Application\GameScenes\PlayMode</Filter>
    </ClInclude>
    <ClInclude Include="SourceFiles\Application\GameScenes\SceneFactory.h">
      <Filter>ソース ファイル\Application\GameScenes\SceneFactory</Filter>
    </ClInclude>
    <ClInclude Include="SourceFiles\Application\GameScenes\TitleScene.h">
      <Filter>ソース ファイル\Application\GameScenes\TitleScene</Filter>
    </ClInclude>
    <ClInclude Include="SourceFiles\Engine\Functions\AbstractSpawnPoint.h">
      <Filter>ソース ファイル\Engine\Functions</Filter>
    </ClInclude>
    <ClInclude Include="SourceFiles\Application\GameScenes\TutorialScene\TutorialEvent.h">
      <Filter>ソース ファイル\Application\GameScenes\PlayMode\TutorialScene</Filter>
    </ClInclude>
    <ClInclude Include="SourceFiles\Application\GameScenes\TutorialScene\TutorialScene.h">
      <Filter>ソース ファイル\Application\GameScenes\PlayMode\TutorialScene</Filter>
    </ClInclude>
    <ClInclude Include="SourceFiles\Application\Stage\SpawnObject.h">
      <Filter>ソース ファイル\Application\Stage\SpawnObject</Filter>
    </ClInclude>
    <ClInclude Include="SourceFiles\Engine\2d\MultiTexture.h">
      <Filter>ソース ファイル\Engine\2d</Filter>
    </ClInclude>
    <ClInclude Include="SourceFiles\Engine\Json\Constant.h">
      <Filter>ソース ファイル\Engine\Json</Filter>
    </ClInclude>
    <ClInclude Include="SourceFiles\Engine\Json\LevelLoader.h">
      <Filter>ソース ファイル\Application\LevelLoader</Filter>
    </ClInclude>
    <ClInclude Include="SourceFiles\Application\Stage\Goal.h">
      <Filter>ソース ファイル\Application\Stage\GameObjects</Filter>
    </ClInclude>
  </ItemGroup>
</Project>